
Microsoft Visual Studio Solution File, Format Version 12.00
# Visual Studio Version 16
VisualStudioVersion = 16.0.30709.132
MinimumVisualStudioVersion = 10.0.40219.1
Project("{8BC9CEB8-8B4A-11D0-8D11-00A0C91BC942}") = "Lab_8.1.4", "Lab_8.1.4\Lab_8.1.4.vcxproj", "{D2B1854E-E08F-451C-8660-C28B0DA45B39}"
EndProject
Project("{8BC9CEB8-8B4A-11D0-8D11-00A0C91BC942}") = "Lab_8.1.4_UT", "Lab_8.1.4_UT\Lab_8.1.4_UT.vcxproj", "{A692A2CD-091C-4664-8076-CCFD7BB6A7B5}"
EndProject
Global
	GlobalSection(SolutionConfigurationPlatforms) = preSolution
		Debug|x64 = Debug|x64
		Debug|x86 = Debug|x86
		Release|x64 = Release|x64
		Release|x86 = Release|x86
	EndGlobalSection
	GlobalSection(ProjectConfigurationPlatforms) = postSolution
		{D2B1854E-E08F-451C-8660-C28B0DA45B39}.Debug|x64.ActiveCfg = Debug|x64
		{D2B1854E-E08F-451C-8660-C28B0DA45B39}.Debug|x64.Build.0 = Debug|x64
		{D2B1854E-E08F-451C-8660-C28B0DA45B39}.Debug|x86.ActiveCfg = Debug|Win32
		{D2B1854E-E08F-451C-8660-C28B0DA45B39}.Debug|x86.Build.0 = Debug|Win32
		{D2B1854E-E08F-451C-8660-C28B0DA45B39}.Release|x64.ActiveCfg = Release|x64
		{D2B1854E-E08F-451C-8660-C28B0DA45B39}.Release|x64.Build.0 = Release|x64
		{D2B1854E-E08F-451C-8660-C28B0DA45B39}.Release|x86.ActiveCfg = Release|Win32
		{D2B1854E-E08F-451C-8660-C28B0DA45B39}.Release|x86.Build.0 = Release|Win32
		{A692A2CD-091C-4664-8076-CCFD7BB6A7B5}.Debug|x64.ActiveCfg = Debug|x64
		{A692A2CD-091C-4664-8076-CCFD7BB6A7B5}.Debug|x64.Build.0 = Debug|x64
		{A692A2CD-091C-4664-8076-CCFD7BB6A7B5}.Debug|x86.ActiveCfg = Debug|Win32
		{A692A2CD-091C-4664-8076-CCFD7BB6A7B5}.Debug|x86.Build.0 = Debug|Win32
		{A692A2CD-091C-4664-8076-CCFD7BB6A7B5}.Release|x64.ActiveCfg = Release|x64
		{A692A2CD-091C-4664-8076-CCFD7BB6A7B5}.Release|x64.Build.0 = Release|x64
		{A692A2CD-091C-4664-8076-CCFD7BB6A7B5}.Release|x86.ActiveCfg = Release|Win32
		{A692A2CD-091C-4664-8076-CCFD7BB6A7B5}.Release|x86.Build.0 = Release|Win32
	EndGlobalSection
	GlobalSection(SolutionProperties) = preSolution
		HideSolutionNode = FALSE
	EndGlobalSection
	GlobalSection(ExtensibilityGlobals) = postSolution
		SolutionGuid = {2632824F-FCF2-43B2-AF4E-99E9885C99CC}
	EndGlobalSection
EndGlobal
